
Microsoft Visual Studio Solution File, Format Version 12.00
# Visual Studio Version 16
VisualStudioVersion = 16.0.28803.452
MinimumVisualStudioVersion = 10.0.40219.1
Project("{FAE04EC0-301F-11D3-BF4B-00C04F79EFBC}") = "Business", "Business\Business.csproj", "{AE5D1E85-5F34-4FE3-AAEC-D75A6C769397}"
EndProject
Project("{FAE04EC0-301F-11D3-BF4B-00C04F79EFBC}") = "Domain", "Domain\Domain.csproj", "{3921150B-6F2B-4490-ACE9-55C2D29AF29F}"
EndProject
Project("{FAE04EC0-301F-11D3-BF4B-00C04F79EFBC}") = "Repository", "Repository\Repository.csproj", "{E9CAF474-4709-42BA-BF08-8F40DE4DF244}"
EndProject
Project("{FAE04EC0-301F-11D3-BF4B-00C04F79EFBC}") = "BusinessTests", "BusinessTests\BusinessTests.csproj", "{121BEA41-0EC1-4B4D-9C4E-9324D825DCFC}"
EndProject
Project("{FAE04EC0-301F-11D3-BF4B-00C04F79EFBC}") = "UserManagement", "UserManagement\UserManagement.csproj", "{8890A8C1-441A-481F-8691-69353C08E7A1}"
EndProject
Global
	GlobalSection(SolutionConfigurationPlatforms) = preSolution
		Debug|Any CPU = Debug|Any CPU
		Release|Any CPU = Release|Any CPU
	EndGlobalSection
	GlobalSection(ProjectConfigurationPlatforms) = postSolution
		{AE5D1E85-5F34-4FE3-AAEC-D75A6C769397}.Debug|Any CPU.ActiveCfg = Debug|Any CPU
		{AE5D1E85-5F34-4FE3-AAEC-D75A6C769397}.Debug|Any CPU.Build.0 = Debug|Any CPU
		{AE5D1E85-5F34-4FE3-AAEC-D75A6C769397}.Release|Any CPU.ActiveCfg = Release|Any CPU
		{AE5D1E85-5F34-4FE3-AAEC-D75A6C769397}.Release|Any CPU.Build.0 = Release|Any CPU
		{3921150B-6F2B-4490-ACE9-55C2D29AF29F}.Debug|Any CPU.ActiveCfg = Debug|Any CPU
		{3921150B-6F2B-4490-ACE9-55C2D29AF29F}.Debug|Any CPU.Build.0 = Debug|Any CPU
		{3921150B-6F2B-4490-ACE9-55C2D29AF29F}.Release|Any CPU.ActiveCfg = Release|Any CPU
		{3921150B-6F2B-4490-ACE9-55C2D29AF29F}.Release|Any CPU.Build.0 = Release|Any CPU
		{E9CAF474-4709-42BA-BF08-8F40DE4DF244}.Debug|Any CPU.ActiveCfg = Debug|Any CPU
		{E9CAF474-4709-42BA-BF08-8F40DE4DF244}.Debug|Any CPU.Build.0 = Debug|Any CPU
		{E9CAF474-4709-42BA-BF08-8F40DE4DF244}.Release|Any CPU.ActiveCfg = Release|Any CPU
		{E9CAF474-4709-42BA-BF08-8F40DE4DF244}.Release|Any CPU.Build.0 = Release|Any CPU
		{121BEA41-0EC1-4B4D-9C4E-9324D825DCFC}.Debug|Any CPU.ActiveCfg = Debug|Any CPU
		{121BEA41-0EC1-4B4D-9C4E-9324D825DCFC}.Debug|Any CPU.Build.0 = Debug|Any CPU
		{121BEA41-0EC1-4B4D-9C4E-9324D825DCFC}.Release|Any CPU.ActiveCfg = Release|Any CPU
		{121BEA41-0EC1-4B4D-9C4E-9324D825DCFC}.Release|Any CPU.Build.0 = Release|Any CPU
		{8890A8C1-441A-481F-8691-69353C08E7A1}.Debug|Any CPU.ActiveCfg = Debug|Any CPU
		{8890A8C1-441A-481F-8691-69353C08E7A1}.Debug|Any CPU.Build.0 = Debug|Any CPU
		{8890A8C1-441A-481F-8691-69353C08E7A1}.Release|Any CPU.ActiveCfg = Release|Any CPU
		{8890A8C1-441A-481F-8691-69353C08E7A1}.Release|Any CPU.Build.0 = Release|Any CPU
	EndGlobalSection
	GlobalSection(SolutionProperties) = preSolution
		HideSolutionNode = FALSE
	EndGlobalSection
	GlobalSection(ExtensibilityGlobals) = postSolution
		SolutionGuid = {714C3D10-C55A-4DA7-8C26-00DD5C2273FF}
	EndGlobalSection
EndGlobal
